
Microsoft Visual Studio Solution File, Format Version 12.00
Project("{FAE04EC0-301F-11D3-BF4B-00C04F79EFBC}") = "TabDownloader", "TabDownloader\TabDownloader.csproj", "{42084FBA-EE25-4C5E-AA30-33E88F7E1180}"
EndProject
Global
	GlobalSection(SolutionConfigurationPlatforms) = preSolution
		Debug|Any CPU = Debug|Any CPU
		Release|Any CPU = Release|Any CPU
	EndGlobalSection
	GlobalSection(ProjectConfigurationPlatforms) = postSolution
		{42084FBA-EE25-4C5E-AA30-33E88F7E1180}.Debug|Any CPU.ActiveCfg = Debug|Any CPU
		{42084FBA-EE25-4C5E-AA30-33E88F7E1180}.Debug|Any CPU.Build.0 = Debug|Any CPU
		{42084FBA-EE25-4C5E-AA30-33E88F7E1180}.Release|Any CPU.ActiveCfg = Release|Any CPU
		{42084FBA-EE25-4C5E-AA30-33E88F7E1180}.Release|Any CPU.Build.0 = Release|Any CPU
	EndGlobalSection
EndGlobal
